# THIS IS AN AUTOGENERATED FILE. DO NOT EDIT THIS FILE DIRECTLY.
# yarn lockfile v1


"@forge/api@^7.2.2":
  version "7.2.2"
  resolved "https://registry.yarnpkg.com/@forge/api/-/api-7.2.2.tgz#55a61547f7807b2de0d790e172ddb36e7f0aab6c"
  integrity sha512-q0TwkgzZqEbB1NNetQ9xRvNH6ICaX71QH884tduRzps+qnjuJYh0lJHKKxtwWMfZFdiILNRayhyAlvvuMskH3Q==
  dependencies:
    "@forge/auth" "0.0.9"
    "@forge/egress" "2.3.2"
    "@forge/i18n" "0.0.7"
    "@forge/manifest" "^12.9.0"
    "@forge/storage" "2.0.3"
    headers-utils "^3.0.2"

"@forge/api@^8.0.1":
  version "8.0.1"
  resolved "https://registry.yarnpkg.com/@forge/api/-/api-8.0.1.tgz#41a5e81ed735f07d4467debfc1489e4f52b35e7d"
  integrity sha512-Br8H3CKSUo+tb6ydFwSzZTMzQOdbWsO5FeLimUvzQiZY6GqtDLdAYisFGFbnIuxzdIilmVG5u1sRDYpk1Ej5Ew==
  dependencies:
    "@forge/auth" "1.0.0"
    "@forge/egress" "3.0.0"
    "@forge/i18n" "1.0.0"
    "@forge/manifest" "^13.1.0"
    headers-utils "^3.0.2"

"@forge/auth@0.0.9":
  version "0.0.9"
  resolved "https://registry.yarnpkg.com/@forge/auth/-/auth-0.0.9.tgz#4a48ecf94e80d0c5c051f8116a461c1f4f6ced19"
  integrity sha512-3qZZNknFprzDkrXzBVKHqVD12r/b2K9cu/RJh9TP3QLiF18v7bdoD1fgZZbVavKJUmCNdQERk6NTVQLmmEszhg==
  dependencies:
    tslib "^2.6.2"

"@forge/auth@1.0.0":
  version "1.0.0"
  resolved "https://registry.yarnpkg.com/@forge/auth/-/auth-1.0.0.tgz#bbce2f458a9ffc1cf5f8f5eda938eb181154db15"
  integrity sha512-lEwaTIS9lZAMeuf9TfuP/OyhoJz1SCoIt5ZbgbgPtG3SV/KYdI2qSW6xafnONy0iAaKJo5D3VDBEbm7K1d+qog==
  dependencies:
    tslib "^2.6.2"

"@forge/egress@2.3.2":
  version "2.3.2"
  resolved "https://registry.yarnpkg.com/@forge/egress/-/egress-2.3.2.tgz#12ddd8001fd43660ec2e8cf6f67d2b5c8d469995"
  integrity sha512-p8ioX4qnAlRFln+hyH9kO0MmVCSOUg0bsIG9RAYK8KM2YaJb6EnKqbCvPMBTwegiua3vixBsnZmWDgPegSZh9Q==

"@forge/egress@3.0.0":
  version "3.0.0"
  resolved "https://registry.yarnpkg.com/@forge/egress/-/egress-3.0.0.tgz#71ce4578183d4cebbb2e128ce88a22d298a7b736"
  integrity sha512-uQfoTAb3tk69sfxCwTQTDc08Et+zBQ3AHoY+uXZ8IiZkTsEZrRKk1IoWlOzwiEJHpvFgewTv1quvqI1P/PIb2w==

"@forge/i18n@0.0.7":
  version "0.0.7"
  resolved "https://registry.yarnpkg.com/@forge/i18n/-/i18n-0.0.7.tgz#7cf5653ff27131ffe2cd6dd36f1962f08b9df9c6"
  integrity sha512-EKrQApcuI4k4AkUSeERkZv1dQaGjWsmB8i7ciDPtpDARPRH1sOrU+FSEOoA7b9FQ15++7Q144m94w/aMLCg5Gg==
  dependencies:
    lodash "^4.17.21"

"@forge/i18n@1.0.0":
  version "1.0.0"
  resolved "https://registry.yarnpkg.com/@forge/i18n/-/i18n-1.0.0.tgz#934ef45d1353cfc1b35ba049b535064c960ba04a"
  integrity sha512-zXQX2/vt3MM6EVv0EMiKM5GemHnFXMiNoclua0TzK9vCcQ+iA70Eg06n90ySKsyf3eslaLQtZvi/hfpntjH2Gg==
  dependencies:
    lodash "^4.17.21"

"@forge/kvs@^2.0.0":
  version "2.0.1"
  resolved "https://registry.yarnpkg.com/@forge/kvs/-/kvs-2.0.1.tgz#5213c80a173bb263efe8329d2e511ac35d1d04c2"
  integrity sha512-O1E4L12Cov1MlRJsDv3h8QdUlGF2WjATXo3//9SklQzr74GfTxz0vn+K7EYtCNoAI9+toP7Ht0RqV3saTkkyOg==
  dependencies:
    "@forge/api" "^8.0.1"

"@forge/manifest@^12.9.0":
  version "12.9.0"
  resolved "https://registry.yarnpkg.com/@forge/manifest/-/manifest-12.9.0.tgz#0223b8403472c00c71341b44345ee2cee2cc7c7d"
  integrity sha512-7JZiXpAHa5SNSM4DsmaO1PfgZtHngKKwh1++RoYCS1QDuck1sJ2KXh3dq7FV+ajOKVtI54uyukUb7oYMGp7rPw==
  dependencies:
    "@forge/i18n" "0.0.7"
    "@sentry/node" "7.106.0"
    ajv "^8.18.0"
    ajv-formats "2.1.1"
    cheerio "^1.1.0"
    glob "^13.0.0"
    lodash "^4.17.21"
    mime-types "^2.1.35"
    yaml "^2.3.4"

"@forge/manifest@^13.1.0":
  version "13.1.0"
  resolved "https://registry.yarnpkg.com/@forge/manifest/-/manifest-13.1.0.tgz#07e80f011381420e47b2c95522e109e1c317010b"
  integrity sha512-/i4rzJjrGwLTjBEWDKOFwWj6UL+YXeioka6dIqTdRSfW3lXkjdzVs690M+MdtP6BcqkJTZgmBW2L9FpTHaKdpg==
  dependencies:
    "@forge/i18n" "1.0.0"
    "@sentry/node" "7.106.0"
    ajv "^8.18.0"
    ajv-formats "2.1.1"
    cheerio "^1.2.0"
    glob "^13.0.0"
    lodash "^4.17.21"
    mime-types "^2.1.35"
    yaml "^2.3.4"

"@forge/object-store@^1.0.0":
  version "1.4.6"
  resolved "https://registry.yarnpkg.com/@forge/object-store/-/object-store-1.4.6.tgz#e156dd4f70822d0ca36001ff02aca820e0d194a3"
  integrity sha512-vPZiUusu80jd8n99ChGw1xZDmKveVlmoDPgRv7Sf9jzzLFLL0MJfzfAgcF8ZkHJsY1XGo0Mz+H/zoBMUUd/2Nw==
  dependencies:
    "@forge/api" "^7.2.2"

"@forge/resolver@^2.0.0":
  version "2.0.0"
  resolved "https://registry.yarnpkg.com/@forge/resolver/-/resolver-2.0.0.tgz#1d33e49a5f0bb5fa58f9e61ffb018972878c525a"
  integrity sha512-6TsntUodtRxefZjDTLVT5yvFo4OFEQwLRcN5cniWre0hD2tJ5B2OWw+8r4u1dTjflA0/+rciScWkuoKTRQK+WQ==

"@forge/storage@2.0.3":
  version "2.0.3"
  resolved "https://registry.yarnpkg.com/@forge/storage/-/storage-2.0.3.tgz#e0a399b69f9b9915e7a82385d11726569d8e85be"
  integrity sha512-DvliHUgr9AYPslpFWBB4LufS8yzvJisqfpP+CCAwo76xBWNlXWFd3PRFA/DaZeGz+Vb4vmBYP7qFMqM1oijIrQ==

"@sentry-internal/tracing@7.106.0":
  version "7.106.0"
  resolved "https://registry.yarnpkg.com/@sentry-internal/tracing/-/tracing-7.106.0.tgz#0752f6925c5120848c05dc6c87a60b25896f834b"
  integrity sha512-O8Es6Sa/tP80nfl+8soNfWzeRNFcT484SvjLR8BS3pHM9KDAlwNXyoQhFr2BKNYL1irbq6UF6eku4xCnUKVmqA==
  dependencies:
    "@sentry/core" "7.106.0"
    "@sentry/types" "7.106.0"
    "@sentry/utils" "7.106.0"

"@sentry/core@7.106.0":
  version "7.106.0"
  resolved "https://registry.yarnpkg.com/@sentry/core/-/core-7.106.0.tgz#501aebb349014189162dc77ec31eacbf45ee44c4"
  integrity sha512-Dc13XtnyFaXup2E4vCbzuG0QKAVjrJBk4qfGwvSJaTuopEaEWBs2MpK6hRzFhsz9S3T0La7c1F/62NptvTUWsQ==
  dependencies:
    "@sentry/types" "7.106.0"
    "@sentry/utils" "7.106.0"

"@sentry/node@7.106.0":
  version "7.106.0"
  resolved "https://registry.yarnpkg.com/@sentry/node/-/node-7.106.0.tgz#08e8cd30f9ca536f223fcbf636b63442f11445e4"
  integrity sha512-4DIqbu5K7//lK/k2nV8lqKeGQzhu2T1OpJFmiUrjN6fUKWivGFjZrcmQDS7tvhAAyJezkL3LlrNU4tjPHUElPA==
  dependencies:
    "@sentry-internal/tracing" "7.106.0"
    "@sentry/core" "7.106.0"
    "@sentry/types" "7.106.0"
    "@sentry/utils" "7.106.0"

"@sentry/types@7.106.0":
  version "7.106.0"
  resolved "https://registry.yarnpkg.com/@sentry/types/-/types-7.106.0.tgz#a68490c8d5f4b53f704af4c80535165e04c28e42"
  integrity sha512-oKTkDaL6P9xJC5/zHLRemHTWboUqRYjkJNaZCN63j4kJqGy56wee4vDtDese/NWWn4U4C1QV1h+Mifm2HmDcQg==

"@sentry/utils@7.106.0":
  version "7.106.0"
  resolved "https://registry.yarnpkg.com/@sentry/utils/-/utils-7.106.0.tgz#a4c05f79672f734c1a1475428144ab97d2f7bea9"
  integrity sha512-bVsePsXLpFu/1sH4rpJrPcnVxW2fXXfGfGxKs6Bm+dkOMbuVTlk/KAzIbdjCDIpVlrMDJmMNEv5xgTFjgWDkjw==
  dependencies:
    "@sentry/types" "7.106.0"

ajv-formats@2.1.1:
  version "2.1.1"
  resolved "https://registry.yarnpkg.com/ajv-formats/-/ajv-formats-2.1.1.tgz#6e669400659eb74973bbf2e33327180a0996b520"
  integrity sha512-Wx0Kx52hxE7C18hkMEggYlEifqWZtYaRgouJor+WMdPnQyEK13vgEWyVNup7SoeeoLMsr4kf5h6dOW11I15MUA==
  dependencies:
    ajv "^8.0.0"

ajv@^8.0.0, ajv@^8.18.0:
  version "8.20.0"
  resolved "https://registry.yarnpkg.com/ajv/-/ajv-8.20.0.tgz#304b3636add88ba7d936760dd50ece006dea95f9"
  integrity sha512-Thbli+OlOj+iMPYFBVBfJ3OmCAnaSyNn4M1vz9T6Gka5Jt9ba/HIR56joy65tY6kx/FCF5VXNB819Y7/GUrBGA==
  dependencies:
    fast-deep-equal "^3.1.3"
    fast-uri "^3.0.1"
    json-schema-traverse "^1.0.0"
    require-from-string "^2.0.2"

balanced-match@^4.0.2:
  version "4.0.4"
  resolved "https://registry.yarnpkg.com/balanced-match/-/balanced-match-4.0.4.tgz#bfb10662feed8196a2c62e7c68e17720c274179a"
  integrity sha512-BLrgEcRTwX2o6gGxGOCNyMvGSp35YofuYzw9h1IMTRmKqttAZZVU67bdb9Pr2vUHA8+j3i2tJfjO6C6+4myGTA==

boolbase@^1.0.0:
  version "1.0.0"
  resolved "https://registry.yarnpkg.com/boolbase/-/boolbase-1.0.0.tgz#68dff5fbe60c51eb37725ea9e3ed310dcc1e776e"
  integrity sha512-JZOSA7Mo9sNGB8+UjSgzdLtokWAky1zbztM3WRLCbZ70/3cTANmQmOdR7y2g+J0e2WXywy1yS468tY+IruqEww==

brace-expansion@^5.0.5:
  version "5.0.7"
  resolved "https://registry.yarnpkg.com/brace-expansion/-/brace-expansion-5.0.7.tgz#1b0e46965b479dad65af737b4a02790a05498337"
  integrity sha512-7oFy703dxfY3/NLxC1fh2SUCQ0H9rmAY+5EpDVfXjUTTs+HEwR2nYaqLv+GWcTsumwxPfiz6CzCNkwXwBUwqCA==
  dependencies:
    balanced-match "^4.0.2"

cheerio-select@^2.1.0:
  version "2.1.0"
  resolved "https://registry.yarnpkg.com/cheerio-select/-/cheerio-select-2.1.0.tgz#4d8673286b8126ca2a8e42740d5e3c4884ae21b4"
  integrity sha512-9v9kG0LvzrlcungtnJtpGNxY+fzECQKhK4EGJX2vByejiMX84MFNQw4UxPJl3bFbTMw+Dfs37XaIkCwTZfLh4g==
  dependencies:
    boolbase "^1.0.0"
    css-select "^5.1.0"
    css-what "^6.1.0"
    domelementtype "^2.3.0"
    domhandler "^5.0.3"
    domutils "^3.0.1"

cheerio@^1.1.0, cheerio@^1.2.0:
  version "1.2.0"
  resolved "https://registry.yarnpkg.com/cheerio/-/cheerio-1.2.0.tgz#f23b777c49021ead7475dcf3390d3535a7f896d6"
  integrity sha512-WDrybc/gKFpTYQutKIK6UvfcuxijIZfMfXaYm8NMsPQxSYvf+13fXUJ4rztGGbJcBQ/GF55gvrZ0Bc0bj/mqvg==
  dependencies:
    cheerio-select "^2.1.0"
    dom-serializer "^2.0.0"
    domhandler "^5.0.3"
    domutils "^3.2.2"
    encoding-sniffer "^0.2.1"
    htmlparser2 "^10.1.0"
    parse5 "^7.3.0"
    parse5-htmlparser2-tree-adapter "^7.1.0"
    parse5-parser-stream "^7.1.2"
    undici "^7.19.0"
    whatwg-mimetype "^4.0.0"

css-select@^5.1.0:
  version "5.2.2"
  resolved "https://registry.yarnpkg.com/css-select/-/css-select-5.2.2.tgz#01b6e8d163637bb2dd6c982ca4ed65863682786e"
  integrity sha512-TizTzUddG/xYLA3NXodFM0fSbNizXjOKhqiQQwvhlspadZokn1KDy0NZFS0wuEubIYAV5/c1/lAr0TaaFXEXzw==
  dependencies:
    boolbase "^1.0.0"
    css-what "^6.1.0"
    domhandler "^5.0.2"
    domutils "^3.0.1"
    nth-check "^2.0.1"

css-what@^6.1.0:
  version "6.2.2"
  resolved "https://registry.yarnpkg.com/css-what/-/css-what-6.2.2.tgz#cdcc8f9b6977719fdfbd1de7aec24abf756b9dea"
  integrity sha512-u/O3vwbptzhMs3L1fQE82ZSLHQQfto5gyZzwteVIEyeaY5Fc7R4dapF/BvRoSYFeqfBk4m0V1Vafq5Pjv25wvA==

dom-serializer@^2.0.0:
  version "2.0.0"
  resolved "https://registry.yarnpkg.com/dom-serializer/-/dom-serializer-2.0.0.tgz#e41b802e1eedf9f6cae183ce5e622d789d7d8e53"
  integrity sha512-wIkAryiqt/nV5EQKqQpo3SToSOV9J0DnbJqwK7Wv/Trc92zIAYZ4FlMu+JPFW1DfGFt81ZTCGgDEabffXeLyJg==
  dependencies:
    domelementtype "^2.3.0"
    domhandler "^5.0.2"
    entities "^4.2.0"

domelementtype@^2.3.0:
  version "2.3.0"
  resolved "https://registry.yarnpkg.com/domelementtype/-/domelementtype-2.3.0.tgz#5c45e8e869952626331d7aab326d01daf65d589d"
  integrity sha512-OLETBj6w0OsagBwdXnPdN0cnMfF9opN69co+7ZrbfPGrdpPVNBUj02spi6B1N7wChLQiPn4CSH/zJvXw56gmHw==

domhandler@^5.0.2, domhandler@^5.0.3:
  version "5.0.3"
  resolved "https://registry.yarnpkg.com/domhandler/-/domhandler-5.0.3.tgz#cc385f7f751f1d1fc650c21374804254538c7d31"
  integrity sha512-cgwlv/1iFQiFnU96XXgROh8xTeetsnJiDsTc7TYCLFd9+/WNkIqPTxiM/8pSd8VIrhXGTf1Ny1q1hquVqDJB5w==
  dependencies:
    domelementtype "^2.3.0"

domutils@^3.0.1, domutils@^3.2.2:
  version "3.2.2"
  resolved "https://registry.yarnpkg.com/domutils/-/domutils-3.2.2.tgz#edbfe2b668b0c1d97c24baf0f1062b132221bc78"
  integrity sha512-6kZKyUajlDuqlHKVX1w7gyslj9MPIXzIFiz/rGu35uC1wMi+kMhQwGhl4lt9unC9Vb9INnY9Z3/ZA3+FhASLaw==
  dependencies:
    dom-serializer "^2.0.0"
    domelementtype "^2.3.0"
    domhandler "^5.0.3"

encoding-sniffer@^0.2.1:
  version "0.2.1"
  resolved "https://registry.yarnpkg.com/encoding-sniffer/-/encoding-sniffer-0.2.1.tgz#396ec97ac22ce5a037ba44af1992ac9d46a7b819"
  integrity sha512-5gvq20T6vfpekVtqrYQsSCFZ1wEg5+wW0/QaZMWkFr6BqD3NfKs0rLCx4rrVlSWJeZb5NBJgVLswK/w2MWU+Gw==
  dependencies:
    iconv-lite "^0.6.3"
    whatwg-encoding "^3.1.1"

entities@^4.2.0:
  version "4.5.0"
  resolved "https://registry.yarnpkg.com/entities/-/entities-4.5.0.tgz#5d268ea5e7113ec74c4d033b79ea5a35a488fb48"
  integrity sha512-V0hjH4dGPh9Ao5p0MoRY6BVqtwCjhz6vI5LT8AJ55H+4g9/4vbHx1I54fS0XuclLhDHArPQCiMjDxjaL8fPxhw==

entities@^6.0.0:
  version "6.0.1"
  resolved "https://registry.yarnpkg.com/entities/-/entities-6.0.1.tgz#c28c34a43379ca7f61d074130b2f5f7020a30694"
  integrity sha512-aN97NXWF6AWBTahfVOIrB/NShkzi5H7F9r1s9mD3cDj4Ko5f2qhhVoYMibXF7GlLveb/D2ioWay8lxI97Ven3g==

entities@^7.0.1:
  version "7.0.1"
  resolved "https://registry.yarnpkg.com/entities/-/entities-7.0.1.tgz#26e8a88889db63417dcb9a1e79a3f1bc92b5976b"
  integrity sha512-TWrgLOFUQTH994YUyl1yT4uyavY5nNB5muff+RtWaqNVCAK408b5ZnnbNAUEWLTCpum9w6arT70i1XdQ4UeOPA==

fast-deep-equal@^3.1.3:
  version "3.1.3"
  resolved "https://registry.yarnpkg.com/fast-deep-equal/-/fast-deep-equal-3.1.3.tgz#3a7d56b559d6cbc3eb512325244e619a65c6c525"
  integrity sha512-f3qQ9oQy9j2AhBe/H9VC91wLmKBCCU/gDOnKNAYG5hswO7BLKj09Hc5HYNz9cGI++xlpDCIgDaitVs03ATR84Q==

fast-uri@^3.0.1:
  version "3.1.3"
  resolved "https://registry.yarnpkg.com/fast-uri/-/fast-uri-3.1.3.tgz#f695a40f006aba505631573a0021ddb21194ad11"
  integrity sha512-i70LwGWUduXqzicKXWshooq+sWL1K3WUU5rKZNG/0i3a1OSoX3HqhH5WbWwTmqWfor4urUakGPiRQcleRZTwOg==

glob@^13.0.0:
  version "13.0.6"
  resolved "https://registry.yarnpkg.com/glob/-/glob-13.0.6.tgz#078666566a425147ccacfbd2e332deb66a2be71d"
  integrity sha512-Wjlyrolmm8uDpm/ogGyXZXb1Z+Ca2B8NbJwqBVg0axK9GbBeoS7yGV6vjXnYdGm6X53iehEuxxbyiKp8QmN4Vw==
  dependencies:
    minimatch "^10.2.2"
    minipass "^7.1.3"
    path-scurry "^2.0.2"

headers-utils@^3.0.2:
  version "3.0.2"
  resolved "https://registry.yarnpkg.com/headers-utils/-/headers-utils-3.0.2.tgz#dfc65feae4b0e34357308aefbcafa99c895e59ef"
  integrity sha512-xAxZkM1dRyGV2Ou5bzMxBPNLoRCjcX+ya7KSWybQD2KwLphxsapUVK6x/02o7f4VU6GPSXch9vNY2+gkU8tYWQ==

htmlparser2@^10.1.0:
  version "10.1.0"
  resolved "https://registry.yarnpkg.com/htmlparser2/-/htmlparser2-10.1.0.tgz#fe3f2e12c73b6e462d4e10395db9c1119e4d6ae4"
  integrity sha512-VTZkM9GWRAtEpveh7MSF6SjjrpNVNNVJfFup7xTY3UpFtm67foy9HDVXneLtFVt4pMz5kZtgNcvCniNFb1hlEQ==
  dependencies:
    domelementtype "^2.3.0"
    domhandler "^5.0.3"
    domutils "^3.2.2"
    entities "^7.0.1"

iconv-lite@0.6.3, iconv-lite@^0.6.3:
  version "0.6.3"
  resolved "https://registry.yarnpkg.com/iconv-lite/-/iconv-lite-0.6.3.tgz#a52f80bf38da1952eb5c681790719871a1a72501"
  integrity sha512-4fCk79wshMdzMp2rH06qWrJE4iolqLhCUH+OiuIgU++RB0+94NlDL81atO7GX55uUKueo0txHNtvEyI6D7WdMw==
  dependencies:
    safer-buffer ">= 2.1.2 < 3.0.0"

json-schema-traverse@^1.0.0:
  version "1.0.0"
  resolved "https://registry.yarnpkg.com/json-schema-traverse/-/json-schema-traverse-1.0.0.tgz#ae7bcb3656ab77a73ba5c49bf654f38e6b6860e2"
  integrity sha512-NM8/P9n3XjXhIZn1lLhkFaACTOURQXjWhV4BA/RnOv8xvgqtqpAX9IO4mRQxSx1Rlo4tqzeqb0sOlruaOy3dug==

lodash@^4.17.21:
  version "4.18.1"
  resolved "https://registry.yarnpkg.com/lodash/-/lodash-4.18.1.tgz#ff2b66c1f6326d59513de2407bf881439812771c"
  integrity sha512-dMInicTPVE8d1e5otfwmmjlxkZoUpiVLwyeTdUsi/Caj/gfzzblBcCE5sRHV/AsjuCmxWrte2TNGSYuCeCq+0Q==

lru-cache@^11.0.0:
  version "11.5.1"
  resolved "https://registry.yarnpkg.com/lru-cache/-/lru-cache-11.5.1.tgz#f3daa3540847b9737ebc02499ddb36765e54db4a"
  integrity sha512-RPimw/7aMdv2oqRrxKwvZXcPfwBrn/JZ2xYcY9Hus/6LaS3VOAKVWKWgNLCFSiOm1ESXinjsDlidVU7JlnCN2A==

mime-db@1.52.0:
  version "1.52.0"
  resolved "https://registry.yarnpkg.com/mime-db/-/mime-db-1.52.0.tgz#bbabcdc02859f4987301c856e3387ce5ec43bf70"
  integrity sha512-sPU4uV7dYlvtWJxwwxHD0PuihVNiE7TyAbQ5SWxDCB9mUYvOgroQOwYQQOKPJ8CIbE+1ETVlOoK1UC2nU3gYvg==

mime-types@^2.1.35:
  version "2.1.35"
  resolved "https://registry.yarnpkg.com/mime-types/-/mime-types-2.1.35.tgz#381a871b62a734450660ae3deee44813f70d959a"
  integrity sha512-ZDY+bPm5zTTF+YpCrAU9nK0UgICYPT0QtT1NZWFv4s++TNkcgVaT0g6+4R2uI4MjQjzysHB1zxuWL50hzaeXiw==
  dependencies:
    mime-db "1.52.0"

minimatch@^10.2.2:
  version "10.2.5"
  resolved "https://registry.yarnpkg.com/minimatch/-/minimatch-10.2.5.tgz#bd48687a0be38ed2961399105600f832095861d1"
  integrity sha512-MULkVLfKGYDFYejP07QOurDLLQpcjk7Fw+7jXS2R2czRQzR56yHRveU5NDJEOviH+hETZKSkIk5c+T23GjFUMg==
  dependencies:
    brace-expansion "^5.0.5"

minipass@^7.1.2, minipass@^7.1.3:
  version "7.1.3"
  resolved "https://registry.yarnpkg.com/minipass/-/minipass-7.1.3.tgz#79389b4eb1bb2d003a9bba87d492f2bd37bdc65b"
  integrity sha512-tEBHqDnIoM/1rXME1zgka9g6Q2lcoCkxHLuc7ODJ5BxbP5d4c2Z5cGgtXAku59200Cx7diuHTOYfSBD8n6mm8A==

nth-check@^2.0.1:
  version "2.1.1"
  resolved "https://registry.yarnpkg.com/nth-check/-/nth-check-2.1.1.tgz#c9eab428effce36cd6b92c924bdb000ef1f1ed1d"
  integrity sha512-lqjrjmaOoAnWfMmBPL+XNnynZh2+swxiX3WUE0s4yEHI6m+AwrK2UZOimIRl3X/4QctVqS8AiZjFqyOGrMXb/w==
  dependencies:
    boolbase "^1.0.0"

parse5-htmlparser2-tree-adapter@^7.1.0:
  version "7.1.0"
  resolved "https://registry.yarnpkg.com/parse5-htmlparser2-tree-adapter/-/parse5-htmlparser2-tree-adapter-7.1.0.tgz#b5a806548ed893a43e24ccb42fbb78069311e81b"
  integrity sha512-ruw5xyKs6lrpo9x9rCZqZZnIUntICjQAd0Wsmp396Ul9lN/h+ifgVV1x1gZHi8euej6wTfpqX8j+BFQxF0NS/g==
  dependencies:
    domhandler "^5.0.3"
    parse5 "^7.0.0"

parse5-parser-stream@^7.1.2:
  version "7.1.2"
  resolved "https://registry.yarnpkg.com/parse5-parser-stream/-/parse5-parser-stream-7.1.2.tgz#d7c20eadc37968d272e2c02660fff92dd27e60e1"
  integrity sha512-JyeQc9iwFLn5TbvvqACIF/VXG6abODeB3Fwmv/TGdLk2LfbWkaySGY72at4+Ty7EkPZj854u4CrICqNk2qIbow==
  dependencies:
    parse5 "^7.0.0"

parse5@^7.0.0, parse5@^7.3.0:
  version "7.3.0"
  resolved "https://registry.yarnpkg.com/parse5/-/parse5-7.3.0.tgz#d7e224fa72399c7a175099f45fc2ad024b05ec05"
  integrity sha512-IInvU7fabl34qmi9gY8XOVxhYyMyuH2xUNpb2q8/Y+7552KlejkRvqvD19nMoUW/uQGGbqNpA6Tufu5FL5BZgw==
  dependencies:
    entities "^6.0.0"

path-scurry@^2.0.2:
  version "2.0.2"
  resolved "https://registry.yarnpkg.com/path-scurry/-/path-scurry-2.0.2.tgz#6be0d0ee02a10d9e0de7a98bae65e182c9061f85"
  integrity sha512-3O/iVVsJAPsOnpwWIeD+d6z/7PmqApyQePUtCndjatj/9I5LylHvt5qluFaBT3I5h3r1ejfR056c+FCv+NnNXg==
  dependencies:
    lru-cache "^11.0.0"
    minipass "^7.1.2"

require-from-string@^2.0.2:
  version "2.0.2"
  resolved "https://registry.yarnpkg.com/require-from-string/-/require-from-string-2.0.2.tgz#89a7fdd938261267318eafe14f9c32e598c36909"
  integrity sha512-Xf0nWe6RseziFMu+Ap9biiUbmplq6S9/p+7w7YXP/JBHhrUDDUhwa+vANyubuqfZWTveU//DYVGsDG7RKL/vEw==

"safer-buffer@>= 2.1.2 < 3.0.0":
  version "2.1.2"
  resolved "https://registry.yarnpkg.com/safer-buffer/-/safer-buffer-2.1.2.tgz#44fa161b0187b9549dd84bb91802f9bd8385cd6a"
  integrity sha512-YZo3K82SD7Riyi0E1EQPojLz7kpepnSQI9IyPbHHg1XXXevb5dJI7tpyN2ADxGcQbHG7vcyRHk0cbwqcQriUtg==

tslib@^2.6.2:
  version "2.8.1"
  resolved "https://registry.yarnpkg.com/tslib/-/tslib-2.8.1.tgz#612efe4ed235d567e8aba5f2a5fab70280ade83f"
  integrity sha512-oJFu94HQb+KVduSUQL7wnpmqnfmLsOA/nAh6b6EH0wCEoK0/mPeXU6c3wKDV83MkOuHPRHtSXKKU99IBazS/2w==

undici@^7.19.0:
  version "7.28.0"
  resolved "https://registry.yarnpkg.com/undici/-/undici-7.28.0.tgz#97d64564198b285bc281f0e8e29597e3d11fe7ec"
  integrity sha512-cRZYrTDwWznlnRiPjggAGxZXanty6M8RV1ff8Wm4LWXBp7/IG8v5DnOm74DtUBp9OONpK75YlPnIjQqX0dBDtA==

whatwg-encoding@^3.1.1:
  version "3.1.1"
  resolved "https://registry.yarnpkg.com/whatwg-encoding/-/whatwg-encoding-3.1.1.tgz#d0f4ef769905d426e1688f3e34381a99b60b76e5"
  integrity sha512-6qN4hJdMwfYBtE3YBTTHhoeuUrDBPZmbQaxWAqSALV/MeEnR5z1xd8UKud2RAkFoPkmB+hli1TZSnyi84xz1vQ==
  dependencies:
    iconv-lite "0.6.3"

whatwg-mimetype@^4.0.0:
  version "4.0.0"
  resolved "https://registry.yarnpkg.com/whatwg-mimetype/-/whatwg-mimetype-4.0.0.tgz#bc1bf94a985dc50388d54a9258ac405c3ca2fc0a"
  integrity sha512-QaKxh0eNIi2mE9p2vEdzfagOKHCcj1pJ56EEHGQOVxp8r9/iszLUUV7v89x9O1p/T+NlTM5W7jW6+cz4Fq1YVg==

yaml@^2.3.4:
  version "2.9.0"
  resolved "https://registry.yarnpkg.com/yaml/-/yaml-2.9.0.tgz#78274afd93598a1dfdd6130df6a566defcbf9aa4"
  integrity sha512-2AvhNX3mb8zd6Zy7INTtSpl1F15HW6Wnqj0srWlkKLcpYl/gMIMJiyuGq2KeI2YFxUPjdlB+3Lc10seMLtL4cA==
